// !$*UTF8*$!
{
	archiveVersion = 1;
	classes = {
	};
	objectVersion = 55;
	objects = {

/* Begin PBXBuildFile section */
		86CAA8C5270C747D00182B35 /* Tests_iOS.swift in Sources */ = {isa = PBXBuildFile; fileRef = 86CAA8C4270C747D00182B35 /* Tests_iOS.swift */; };
		86CAA8C7270C747D00182B35 /* Tests_iOSLaunchTests.swift in Sources */ = {isa = PBXBuildFile; fileRef = 86CAA8C6270C747D00182B35 /* Tests_iOSLaunchTests.swift */; };
		86CAA8D1270C747D00182B35 /* Tests_macOS.swift in Sources */ = {isa = PBXBuildFile; fileRef = 86CAA8D0270C747D00182B35 /* Tests_macOS.swift */; };
		86CAA8D3270C747D00182B35 /* Tests_macOSLaunchTests.swift in Sources */ = {isa = PBXBuildFile; fileRef = 86CAA8D2270C747D00182B35 /* Tests_macOSLaunchTests.swift */; };
		86CAA8D4270C747D00182B35 /* CoreDataBootcampApp.swift in Sources */ = {isa = PBXBuildFile; fileRef = 86CAA8AC270C747A00182B35 /* CoreDataBootcampApp.swift */; };
		86CAA8D5270C747D00182B35 /* CoreDataBootcampApp.swift in Sources */ = {isa = PBXBuildFile; fileRef = 86CAA8AC270C747A00182B35 /* CoreDataBootcampApp.swift */; };
		86CAA8D8270C747D00182B35 /* Assets.xcassets in Resources */ = {isa = PBXBuildFile; fileRef = 86CAA8AE270C747D00182B35 /* Assets.xcassets */; };
		86CAA8D9270C747D00182B35 /* Assets.xcassets in Resources */ = {isa = PBXBuildFile; fileRef = 86CAA8AE270C747D00182B35 /* Assets.xcassets */; };
		86CAA8E9270C8A4200182B35 /* CoreDataBootcamp.swift in Sources */ = {isa = PBXBuildFile; fileRef = 86CAA8E8270C8A4200182B35 /* CoreDataBootcamp.swift */; };
		86CAA8EA270C8A4200182B35 /* CoreDataBootcamp.swift in Sources */ = {isa = PBXBuildFile; fileRef = 86CAA8E8270C8A4200182B35 /* CoreDataBootcamp.swift */; };
		86CAA8ED270C8CA800182B35 /* FruitsContainer.xcdatamodeld in Sources */ = {isa = PBXBuildFile; fileRef = 86CAA8EB270C8CA800182B35 /* FruitsContainer.xcdatamodeld */; };
		86CAA8EE270C8CA800182B35 /* FruitsContainer.xcdatamodeld in Sources */ = {isa = PBXBuildFile; fileRef = 86CAA8EB270C8CA800182B35 /* FruitsContainer.xcdatamodeld */; };
/* End PBXBuildFile section */

/* Begin PBXContainerItemProxy section */
		86CAA8C1270C747D00182B35 /* PBXContainerItemProxy */ = {
			isa = PBXContainerItemProxy;
			containerPortal = 86CAA8A7270C747900182B35 /* Project object */;
			proxyType = 1;
			remoteGlobalIDString = 86CAA8B2270C747D00182B35;
			remoteInfo = "CoreDataBootcamp (iOS)";
		};
		86CAA8CD270C747D00182B35 /* PBXContainerItemProxy */ = {
			isa = PBXContainerItemProxy;
			containerPortal = 86CAA8A7270C747900182B35 /* Project object */;
			proxyType = 1;
			remoteGlobalIDString = 86CAA8B8270C747D00182B35;
			remoteInfo = "CoreDataBootcamp (macOS)";
		};
/* End PBXContainerItemProxy section */

/* Begin PBXFileReference section */
		86CAA8AC270C747A00182B35 /* CoreDataBootcampApp.swift */ = {isa = PBXFileReference; lastKnownFileType = sourcecode.swift; path = CoreDataBootcampApp.swift; sourceTree = "<group>"; };
		86CAA8AE270C747D00182B35 /* Assets.xcassets */ = {isa = PBXFileReference; lastKnownFileType = folder.assetcatalog; path = Assets.xcassets; sourceTree = "<group>"; };
		86CAA8B3270C747D00182B35 /* CoreDataBootcamp.app */ = {isa = PBXFileReference; explicitFileType = wrapper.application; includeInIndex = 0; path = CoreDataBootcamp.app; sourceTree = BUILT_PRODUCTS_DIR; };
		86CAA8B9270C747D00182B35 /* CoreDataBootcamp.app */ = {isa = PBXFileReference; explicitFileType = wrapper.application; includeInIndex = 0; path = CoreDataBootcamp.app; sourceTree = BUILT_PRODUCTS_DIR; };
		86CAA8BB270C747D00182B35 /* macOS.entitlements */ = {isa = PBXFileReference; lastKnownFileType = text.plist.entitlements; path = macOS.entitlements; sourceTree = "<group>"; };
		86CAA8C0270C747D00182B35 /* Tests iOS.xctest */ = {isa = PBXFileReference; explicitFileType = wrapper.cfbundle; includeInIndex = 0; path = "Tests iOS.xctest"; sourceTree = BUILT_PRODUCTS_DIR; };
		86CAA8C4270C747D00182B35 /* Tests_iOS.swift */ = {isa = PBXFileReference; lastKnownFileType = sourcecode.swift; path = Tests_iOS.swift; sourceTree = "<group>"; };
		86CAA8C6270C747D00182B35 /* Tests_iOSLaunchTests.swift */ = {isa = PBXFileReference; lastKnownFileType = sourcecode.swift; path = Tests_iOSLaunchTests.swift; sourceTree = "<group>"; };
		86CAA8CC270C747D00182B35 /* Tests macOS.xctest */ = {isa = PBXFileReference; explicitFileType = wrapper.cfbundle; includeInIndex = 0; path = "Tests macOS.xctest"; sourceTree = BUILT_PRODUCTS_DIR; };
		86CAA8D0270C747D00182B35 /* Tests_macOS.swift */ = {isa = PBXFileReference; lastKnownFileType = sourcecode.swift; path = Tests_macOS.swift; sourceTree = "<group>"; };
		86CAA8D2270C747D00182B35 /* Tests_macOSLaunchTests.swift */ = {isa = PBXFileReference; lastKnownFileType = sourcecode.swift; path = Tests_macOSLaunchTests.swift; sourceTree = "<group>"; };
		86CAA8E8270C8A4200182B35 /* CoreDataBootcamp.swift */ = {isa = PBXFileReference; lastKnownFileType = sourcecode.swift; path = CoreDataBootcamp.swift; sourceTree = "<group>"; };
		86CAA8EC270C8CA800182B35 /* FruitsContainer.xcdatamodel */ = {isa = PBXFileReference; lastKnownFileType = wrapper.xcdatamodel; path = FruitsContainer.xcdatamodel; sourceTree = "<group>"; };
/* End PBXFileReference section */

/* Begin PBXFrameworksBuildPhase section */
		86CAA8B0270C747D00182B35 /* Frameworks */ = {
			isa = PBXFrameworksBuildPhase;
			buildActionMask = 2147483647;
			files = (
			);
			runOnlyForDeploymentPostprocessing = 0;
		};
		86CAA8B6270C747D00182B35 /* Frameworks */ = {
			isa = PBXFrameworksBuildPhase;
			buildActionMask = 2147483647;
			files = (
			);
			runOnlyForDeploymentPostprocessing = 0;
		};
		86CAA8BD270C747D00182B35 /* Frameworks */ = {
			isa = PBXFrameworksBuildPhase;
			buildActionMask = 2147483647;
			files = (
			);
			runOnlyForDeploymentPostprocessing = 0;
		};
		86CAA8C9270C747D00182B35 /* Frameworks */ = {
			isa = PBXFrameworksBuildPhase;
			buildActionMask = 2147483647;
			files = (
			);
			runOnlyForDeploymentPostprocessing = 0;
		};
/* End PBXFrameworksBuildPhase section */

/* Begin PBXGroup section */
		86CAA8A6270C747900182B35 = {
			isa = PBXGroup;
			children = (
				86CAA8AB270C747900182B35 /* Shared */,
				86CAA8BA270C747D00182B35 /* macOS */,
				86CAA8C3270C747D00182B35 /* Tests iOS */,
				86CAA8CF270C747D00182B35 /* Tests macOS */,
				86CAA8B4270C747D00182B35 /* Products */,
			);
			sourceTree = "<group>";
		};
		86CAA8AB270C747900182B35 /* Shared */ = {
			isa = PBXGroup;
			children = (
				86CAA8E8270C8A4200182B35 /* CoreDataBootcamp.swift */,
				86CAA8EB270C8CA800182B35 /* FruitsContainer.xcdatamodeld */,
				86CAA8AC270C747A00182B35 /* CoreDataBootcampApp.swift */,
				86CAA8AE270C747D00182B35 /* Assets.xcassets */,
			);
			path = Shared;
			sourceTree = "<group>";
		};
		86CAA8B4270C747D00182B35 /* Products */ = {
			isa = PBXGroup;
			children = (
				86CAA8B3270C747D00182B35 /* CoreDataBootcamp.app */,
				86CAA8B9270C747D00182B35 /* CoreDataBootcamp.app */,
				86CAA8C0270C747D00182B35 /* Tests iOS.xctest */,
				86CAA8CC270C747D00182B35 /* Tests macOS.xctest */,
			);
			name = Products;
			sourceTree = "<group>";
		};
		86CAA8BA270C747D00182B35 /* macOS */ = {
			isa = PBXGroup;
			children = (
				86CAA8BB270C747D00182B35 /* macOS.entitlements */,
			);
			path = macOS;
			sourceTree = "<group>";
		};
		86CAA8C3270C747D00182B35 /* Tests iOS */ = {
			isa = PBXGroup;
			children = (
				86CAA8C4270C747D00182B35 /* Tests_iOS.swift */,
				86CAA8C6270C747D00182B35 /* Tests_iOSLaunchTests.swift */,
			);
			path = "Tests iOS";
			sourceTree = "<group>";
		};
		86CAA8CF270C747D00182B35 /* Tests macOS */ = {
			isa = PBXGroup;
			children = (
				86CAA8D0270C747D00182B35 /* Tests_macOS.swift */,
				86CAA8D2270C747D00182B35 /* Tests_macOSLaunchTests.swift */,
			);
			path = "Tests macOS";
			sourceTree = "<group>";
		};
/* End PBXGroup section */

/* Begin PBXNativeTarget section */
		86CAA8B2270C747D00182B35 /* CoreDataBootcamp (iOS) */ = {
			isa = PBXNativeTarget;
			buildConfigurationList = 86CAA8DC270C747D00182B35 /* Build configuration list for PBXNativeTarget "CoreDataBootcamp (iOS)" */;
			buildPhases = (
				86CAA8AF270C747D00182B35 /* Sources */,
				86CAA8B0270C747D00182B35 /* Frameworks */,
				86CAA8B1270C747D00182B35 /* Resources */,
			);
			buildRules = (
			);
			dependencies = (
			);
			name = "CoreDataBootcamp (iOS)";
			productName = "CoreDataBootcamp (iOS)";
			productReference = 86CAA8B3270C747D00182B35 /* CoreDataBootcamp.app */;
			productType = "com.apple.product-type.application";
		};
		86CAA8B8270C747D00182B35 /* CoreDataBootcamp (macOS) */ = {
			isa = PBXNativeTarget;
			buildConfigurationList = 86CAA8DF270C747D00182B35 /* Build configuration list for PBXNativeTarget "CoreDataBootcamp (macOS)" */;
			buildPhases = (
				86CAA8B5270C747D00182B35 /* Sources */,
				86CAA8B6270C747D00182B35 /* Frameworks */,
				86CAA8B7270C747D00182B35 /* Resources */,
			);
			buildRules = (
			);
			dependencies = (
			);
			name = "CoreDataBootcamp (macOS)";
			productName = "CoreDataBootcamp (macOS)";
			productReference = 86CAA8B9270C747D00182B35 /* CoreDataBootcamp.app */;
			productType = "com.apple.product-type.application";
		};
		86CAA8BF270C747D00182B35 /* Tests iOS */ = {
			isa = PBXNativeTarget;
			buildConfigurationList = 86CAA8E2270C747D00182B35 /* Build configuration list for PBXNativeTarget "Tests iOS" */;
			buildPhases = (
				86CAA8BC270C747D00182B35 /* Sources */,
				86CAA8BD270C747D00182B35 /* Frameworks */,
				86CAA8BE270C747D00182B35 /* Resources */,
			);
			buildRules = (
			);
			dependencies = (
				86CAA8C2270C747D00182B35 /* PBXTargetDependency */,
			);
			name = "Tests iOS";
			productName = "Tests iOS";
			productReference = 86CAA8C0270C747D00182B35 /* Tests iOS.xctest */;
			productType = "com.apple.product-type.bundle.ui-testing";
		};
		86CAA8CB270C747D00182B35 /* Tests macOS */ = {
			isa = PBXNativeTarget;
			buildConfigurationList = 86CAA8E5270C747D00182B35 /* Build configuration list for PBXNativeTarget "Tests macOS" */;
			buildPhases = (
				86CAA8C8270C747D00182B35 /* Sources */,
				86CAA8C9270C747D00182B35 /* Frameworks */,
				86CAA8CA270C747D00182B35 /* Resources */,
			);
			buildRules = (
			);
			dependencies = (
				86CAA8CE270C747D00182B35 /* PBXTargetDependency */,
			);
			name = "Tests macOS";
			productName = "Tests macOS";
			productReference = 86CAA8CC270C747D00182B35 /* Tests macOS.xctest */;
			productType = "com.apple.product-type.bundle.ui-testing";
		};
/* End PBXNativeTarget section */

/* Begin PBXProject section */
		86CAA8A7270C747900182B35 /* Project object */ = {
			isa = PBXProject;
			attributes = {
				BuildIndependentTargetsInParallel = 1;
				LastSwiftUpdateCheck = 1300;
				LastUpgradeCheck = 1300;
				TargetAttributes = {
					86CAA8B2270C747D00182B35 = {
						CreatedOnToolsVersion = 13.0;
					};
					86CAA8B8270C747D00182B35 = {
						CreatedOnToolsVersion = 13.0;
					};
					86CAA8BF270C747D00182B35 = {
						CreatedOnToolsVersion = 13.0;
						TestTargetID = 86CAA8B2270C747D00182B35;
					};
					86CAA8CB270C747D00182B35 = {
						CreatedOnToolsVersion = 13.0;
						TestTargetID = 86CAA8B8270C747D00182B35;
					};
				};
			};
			buildConfigurationList = 86CAA8AA270C747900182B35 /* Build configuration list for PBXProject "CoreDataBootcamp" */;
			compatibilityVersion = "Xcode 13.0";
			developmentRegion = en;
			hasScannedForEncodings = 0;
			knownRegions = (
				en,
				Base,
			);
			mainGroup = 86CAA8A6270C747900182B35;
			productRefGroup = 86CAA8B4270C747D00182B35 /* Products */;
			projectDirPath = "";
			projectRoot = "";
			targets = (
				86CAA8B2270C747D00182B35 /* CoreDataBootcamp (iOS) */,
				86CAA8B8270C747D00182B35 /* CoreDataBootcamp (macOS) */,
				86CAA8BF270C747D00182B35 /* Tests iOS */,
				86CAA8CB270C747D00182B35 /* Tests macOS */,
			);
		};
/* End PBXProject section */

/* Begin PBXResourcesBuildPhase section */
		86CAA8B1270C747D00182B35 /* Resources */ = {
			isa = PBXResourcesBuildPhase;
			buildActionMask = 2147483647;
			files = (
				86CAA8D8270C747D00182B35 /* Assets.xcassets in Resources */,
			);
			runOnlyForDeploymentPostprocessing = 0;
		};
		86CAA8B7270C747D00182B35 /* Resources */ = {
			isa = PBXResourcesBuildPhase;
			buildActionMask = 2147483647;
			files = (
				86CAA8D9270C747D00182B35 /* Assets.xcassets in Resources */,
			);
			runOnlyForDeploymentPostprocessing = 0;
		};
		86CAA8BE270C747D00182B35 /* Resources */ = {
			isa = PBXResourcesBuildPhase;
			buildActionMask = 2147483647;
			files = (
			);
			runOnlyForDeploymentPostprocessing = 0;
		};
		86CAA8CA270C747D00182B35 /* Resources */ = {
			isa = PBXResourcesBuildPhase;
			buildActionMask = 2147483647;
			files = (
			);
			runOnlyForDeploymentPostprocessing = 0;
		};
/* End PBXResourcesBuildPhase section */

/* Begin PBXSourcesBuildPhase section */
		86CAA8AF270C747D00182B35 /* Sources */ = {
			isa = PBXSourcesBuildPhase;
			buildActionMask = 2147483647;
			files = (
				86CAA8ED270C8CA800182B35 /* FruitsContainer.xcdatamodeld in Sources */,
				86CAA8E9270C8A4200182B35 /* CoreDataBootcamp.swift in Sources */,
				86CAA8D4270C747D00182B35 /* CoreDataBootcampApp.swift in Sources */,
			);
			runOnlyForDeploymentPostprocessing = 0;
		};
		86CAA8B5270C747D00182B35 /* Sources */ = {
			isa = PBXSourcesBuildPhase;
			buildActionMask = 2147483647;
			files = (
				86CAA8EE270C8CA800182B35 /* FruitsContainer.xcdatamodeld in Sources */,
				86CAA8EA270C8A4200182B35 /* CoreDataBootcamp.swift in Sources */,
				86CAA8D5270C747D00182B35 /* CoreDataBootcampApp.swift in Sources */,
			);
			runOnlyForDeploymentPostprocessing = 0;
		};
		86CAA8BC270C747D00182B35 /* Sources */ = {
			isa = PBXSourcesBuildPhase;
			buildActionMask = 2147483647;
			files = (
				86CAA8C7270C747D00182B35 /* Tests_iOSLaunchTests.swift in Sources */,
				86CAA8C5270C747D00182B35 /* Tests_iOS.swift in Sources */,
			);
			runOnlyForDeploymentPostprocessing = 0;
		};
		86CAA8C8270C747D00182B35 /* Sources */ = {
			isa = PBXSourcesBuildPhase;
			buildActionMask = 2147483647;
			files = (
				86CAA8D3270C747D00182B35 /* Tests_macOSLaunchTests.swift in Sources */,
				86CAA8D1270C747D00182B35 /* Tests_macOS.swift in Sources */,
			);
			runOnlyForDeploymentPostprocessing = 0;
		};
/* End PBXSourcesBuildPhase section */

/* Begin PBXTargetDependency section */
		86CAA8C2270C747D00182B35 /* PBXTargetDependency */ = {
			isa = PBXTargetDependency;
			target = 86CAA8B2270C747D00182B35 /* CoreDataBootcamp (iOS) */;
			targetProxy = 86CAA8C1270C747D00182B35 /* PBXContainerItemProxy */;
		};
		86CAA8CE270C747D00182B35 /* PBXTargetDependency */ = {
			isa = PBXTargetDependency;
			target = 86CAA8B8270C747D00182B35 /* CoreDataBootcamp (macOS) */;
			targetProxy = 86CAA8CD270C747D00182B35 /* PBXContainerItemProxy */;
		};
/* End PBXTargetDependency section */

/* Begin XCBuildConfiguration section */
		86CAA8DA270C747D00182B35 /* Debug */ = {
			isa = XCBuildConfiguration;
			buildSettings = {
				ALWAYS_SEARCH_USER_PATHS = NO;
				CLANG_ANALYZER_NONNULL = YES;
				CLANG_ANALYZER_NUMBER_OBJECT_CONVERSION = YES_AGGRESSIVE;
				CLANG_CXX_LANGUAGE_STANDARD = "gnu++17";
				CLANG_CXX_LIBRARY = "libc++";
				CLANG_ENABLE_MODULES = YES;
				CLANG_ENABLE_OBJC_ARC = YES;
				CLANG_ENABLE_OBJC_WEAK = YES;
				CLANG_WARN_BLOCK_CAPTURE_AUTORELEASING = YES;
				CLANG_WARN_BOOL_CONVERSION = YES;
				CLANG_WARN_COMMA = YES;
				CLANG_WARN_CONSTANT_CONVERSION = YES;
				CLANG_WARN_DEPRECATED_OBJC_IMPLEMENTATIONS = YES;
				CLANG_WARN_DIRECT_OBJC_ISA_USAGE = YES_ERROR;
				CLANG_WARN_DOCUMENTATION_COMMENTS = YES;
				CLANG_WARN_EMPTY_BODY = YES;
				CLANG_WARN_ENUM_CONVERSION = YES;
				CLANG_WARN_INFINITE_RECURSION = YES;
				CLANG_WARN_INT_CONVERSION = YES;
				CLANG_WARN_NON_LITERAL_NULL_CONVERSION = YES;
				CLANG_WARN_OBJC_IMPLICIT_RETAIN_SELF = YES;
				CLANG_WARN_OBJC_LITERAL_CONVERSION = YES;
				CLANG_WARN_OBJC_ROOT_CLASS = YES_ERROR;
				CLANG_WARN_QUOTED_INCLUDE_IN_FRAMEWORK_HEADER = YES;
				CLANG_WARN_RANGE_LOOP_ANALYSIS = YES;
				CLANG_WARN_STRICT_PROTOTYPES = YES;
				CLANG_WARN_SUSPICIOUS_MOVE = YES;
				CLANG_WARN_UNGUARDED_AVAILABILITY = YES_AGGRESSIVE;
				CLANG_WARN_UNREACHABLE_CODE = YES;
				CLANG_WARN__DUPLICATE_METHOD_MATCH = YES;
				COPY_PHASE_STRIP = NO;
				DEBUG_INFORMATION_FORMAT = dwarf;
				ENABLE_STRICT_OBJC_MSGSEND = YES;
				ENABLE_TESTABILITY = YES;
				GCC_C_LANGUAGE_STANDARD = gnu11;
				GCC_DYNAMIC_NO_PIC = NO;
				GCC_NO_COMMON_BLOCKS = YES;
				GCC_OPTIMIZATION_LEVEL = 0;
				GCC_PREPROCESSOR_DEFINITIONS = (
					"DEBUG=1",
					"$(inherited)",
				);
				GCC_WARN_64_TO_32_BIT_CONVERSION = YES;
				GCC_WARN_ABOUT_RETURN_TYPE = YES_ERROR;
				GCC_WARN_UNDECLARED_SELECTOR = YES;
				GCC_WARN_UNINITIALIZED_AUTOS = YES_AGGRESSIVE;
				GCC_WARN_UNUSED_FUNCTION = YES;
				GCC_WARN_UNUSED_VARIABLE = YES;
				MTL_ENABLE_DEBUG_INFO = INCLUDE_SOURCE;
				MTL_FAST_MATH = YES;
				ONLY_ACTIVE_ARCH = YES;
				SWIFT_ACTIVE_COMPILATION_CONDITIONS = DEBUG;
				SWIFT_OPTIMIZATION_LEVEL = "-Onone";
			};
			name = Debug;
		};
		86CAA8DB270C747D00182B35 /* Release */ = {
			isa = XCBuildConfiguration;
			buildSettings = {
				ALWAYS_SEARCH_USER_PATHS = NO;
				CLANG_ANALYZER_NONNULL = YES;
				CLANG_ANALYZER_NUMBER_OBJECT_CONVERSION = YES_AGGRESSIVE;
				CLANG_CXX_LANGUAGE_STANDARD = "gnu++17";
				CLANG_CXX_LIBRARY = "libc++";
				CLANG_ENABLE_MODULES = YES;
				CLANG_ENABLE_OBJC_ARC = YES;
				CLANG_ENABLE_OBJC_WEAK = YES;
				CLANG_WARN_BLOCK_CAPTURE_AUTORELEASING = YES;
				CLANG_WARN_BOOL_CONVERSION = YES;
				CLANG_WARN_COMMA = YES;
				CLANG_WARN_CONSTANT_CONVERSION = YES;
				CLANG_WARN_DEPRECATED_OBJC_IMPLEMENTATIONS = YES;
				CLANG_WARN_DIRECT_OBJC_ISA_USAGE = YES_ERROR;
				CLANG_WARN_DOCUMENTATION_COMMENTS = YES;
				CLANG_WARN_EMPTY_BODY = YES;
				CLANG_WARN_ENUM_CONVERSION = YES;
				CLANG_WARN_INFINITE_RECURSION = YES;
				CLANG_WARN_INT_CONVERSION = YES;
				CLANG_WARN_NON_LITERAL_NULL_CONVERSION = YES;
				CLANG_WARN_OBJC_IMPLICIT_RETAIN_SELF = YES;
				CLANG_WARN_OBJC_LITERAL_CONVERSION = YES;
				CLANG_WARN_OBJC_ROOT_CLASS = YES_ERROR;
				CLANG_WARN_QUOTED_INCLUDE_IN_FRAMEWORK_HEADER = YES;
				CLANG_WARN_RANGE_LOOP_ANALYSIS = YES;
				CLANG_WARN_STRICT_PROTOTYPES = YES;
				CLANG_WARN_SUSPICIOUS_MOVE = YES;
				CLANG_WARN_UNGUARDED_AVAILABILITY = YES_AGGRESSIVE;
				CLANG_WARN_UNREACHABLE_CODE = YES;
				CLANG_WARN__DUPLICATE_METHOD_MATCH = YES;
				COPY_PHASE_STRIP = NO;
				DEBUG_INFORMATION_FORMAT = "dwarf-with-dsym";
				ENABLE_NS_ASSERTIONS = NO;
				ENABLE_STRICT_OBJC_MSGSEND = YES;
				GCC_C_LANGUAGE_STANDARD = gnu11;
				GCC_NO_COMMON_BLOCKS = YES;
				GCC_WARN_64_TO_32_BIT_CONVERSION = YES;
				GCC_WARN_ABOUT_RETURN_TYPE = YES_ERROR;
				GCC_WARN_UNDECLARED_SELECTOR = YES;
				GCC_WARN_UNINITIALIZED_AUTOS = YES_AGGRESSIVE;
				GCC_WARN_UNUSED_FUNCTION = YES;
				GCC_WARN_UNUSED_VARIABLE = YES;
				MTL_ENABLE_DEBUG_INFO = NO;
				MTL_FAST_MATH = YES;
				SWIFT_COMPILATION_MODE = wholemodule;
				SWIFT_OPTIMIZATION_LEVEL = "-O";
			};
			name = Release;
		};
		86CAA8DD270C747D00182B35 /* Debug */ = {
			isa = XCBuildConfiguration;
			buildSettings = {
				ASSETCATALOG_COMPILER_APPICON_NAME = AppIcon;
				ASSETCATALOG_COMPILER_GLOBAL_ACCENT_COLOR_NAME = AccentColor;
				CODE_SIGN_STYLE = Automatic;
				CURRENT_PROJECT_VERSION = 1;
				DEVELOPMENT_TEAM = 8UF6K7CB33;
				ENABLE_PREVIEWS = YES;
				GENERATE_INFOPLIST_FILE = YES;
				INFOPLIST_KEY_UIApplicationSceneManifest_Generation = YES;
				INFOPLIST_KEY_UIApplicationSupportsIndirectInputEvents = YES;
				INFOPLIST_KEY_UILaunchScreen_Generation = YES;
				INFOPLIST_KEY_UISupportedInterfaceOrientations_iPad = "UIInterfaceOrientationPortrait UIInterfaceOrientationPortraitUpsideDown UIInterfaceOrientationLandscapeLeft UIInterfaceOrientationLandscapeRight";
				INFOPLIST_KEY_UISupportedInterfaceOrientations_iPhone = "UIInterfaceOrientationPortrait UIInterfaceOrientationLandscapeLeft UIInterfaceOrientationLandscapeRight";
				IPHONEOS_DEPLOYMENT_TARGET = 14.0;
				LD_RUNPATH_SEARCH_PATHS = (
					"$(inherited)",
					"@executable_path/Frameworks",
				);
				MARKETING_VERSION = 1.0;
				PRODUCT_BUNDLE_IDENTIFIER = com.anthonyjose.CoreDataBootcamp;
				PRODUCT_NAME = CoreDataBootcamp;
				SDKROOT = iphoneos;
				SWIFT_EMIT_LOC_STRINGS = YES;
				SWIFT_VERSION = 5.0;
				TARGETED_DEVICE_FAMILY = "1,2";
			};
			name = Debug;
		};
		86CAA8DE270C747D00182B35 /* Release */ = {
			isa = XCBuildConfiguration;
			buildSettings = {
				ASSETCATALOG_COMPILER_APPICON_NAME = AppIcon;
				ASSETCATALOG_COMPILER_GLOBAL_ACCENT_COLOR_NAME = AccentColor;
				CODE_SIGN_STYLE = Automatic;
				CURRENT_PROJECT_VERSION = 1;
				DEVELOPMENT_TEAM = 8UF6K7CB33;
				ENABLE_PREVIEWS = YES;
				GENERATE_INFOPLIST_FILE = YES;
				INFOPLIST_KEY_UIApplicationSceneManifest_Generation = YES;
				INFOPLIST_KEY_UIApplicationSupportsIndirectInputEvents = YES;
				INFOPLIST_KEY_UILaunchScreen_Generation = YES;
				INFOPLIST_KEY_UISupportedInterfaceOrientations_iPad = "UIInterfaceOrientationPortrait UIInterfaceOrientationPortraitUpsideDown UIInterfaceOrientationLandscapeLeft UIInterfaceOrientationLandscapeRight";
				INFOPLIST_KEY_UISupportedInterfaceOrientations_iPhone = "UIInterfaceOrientationPortrait UIInterfaceOrientationLandscapeLeft UIInterfaceOrientationLandscapeRight";
				IPHONEOS_DEPLOYMENT_TARGET = 14.0;
				LD_RUNPATH_SEARCH_PATHS = (
					"$(inherited)",
					"@executable_path/Frameworks",
				);
				MARKETING_VERSION = 1.0;
				PRODUCT_BUNDLE_IDENTIFIER = com.anthonyjose.CoreDataBootcamp;
				PRODUCT_NAME = CoreDataBootcamp;
				SDKROOT = iphoneos;
				SWIFT_EMIT_LOC_STRINGS = YES;
				SWIFT_VERSION = 5.0;
				TARGETED_DEVICE_FAMILY = "1,2";
				VALIDATE_PRODUCT = YES;
			};
			name = Release;
		};
		86CAA8E0270C747D00182B35 /* Debug */ = {
			isa = XCBuildConfiguration;
			buildSettings = {
				ASSETCATALOG_COMPILER_APPICON_NAME = AppIcon;
				ASSETCATALOG_COMPILER_GLOBAL_ACCENT_COLOR_NAME = AccentColor;
				CODE_SIGN_ENTITLEMENTS = macOS/macOS.entitlements;
				CODE_SIGN_STYLE = Automatic;
				COMBINE_HIDPI_IMAGES = YES;
				CURRENT_PROJECT_VERSION = 1;
				DEVELOPMENT_TEAM = 8UF6K7CB33;
				ENABLE_HARDENED_RUNTIME = YES;
				ENABLE_PREVIEWS = YES;
				GENERATE_INFOPLIST_FILE = YES;
				INFOPLIST_KEY_NSHumanReadableCopyright = "";
				LD_RUNPATH_SEARCH_PATHS = (
					"$(inherited)",
					"@executable_path/../Frameworks",
				);
				MACOSX_DEPLOYMENT_TARGET = 11.0;
				MARKETING_VERSION = 1.0;
				PRODUCT_BUNDLE_IDENTIFIER = com.anthonyjose.CoreDataBootcamp;
				PRODUCT_NAME = CoreDataBootcamp;
				SDKROOT = macosx;
				SWIFT_EMIT_LOC_STRINGS = YES;
				SWIFT_VERSION = 5.0;
			};
			name = Debug;
		};
		86CAA8E1270C747D00182B35 /* Release */ = {
			isa = XCBuildConfiguration;
			buildSettings = {
				ASSETCATALOG_COMPILER_APPICON_NAME = AppIcon;
				ASSETCATALOG_COMPILER_GLOBAL_ACCENT_COLOR_NAME = AccentColor;
				CODE_SIGN_ENTITLEMENTS = macOS/macOS.entitlements;
				CODE_SIGN_STYLE = Automatic;
				COMBINE_HIDPI_IMAGES = YES;
				CURRENT_PROJECT_VERSION = 1;
				DEVELOPMENT_TEAM = 8UF6K7CB33;
				ENABLE_HARDENED_RUNTIME = YES;
				ENABLE_PREVIEWS = YES;
				GENERATE_INFOPLIST_FILE = YES;
				INFOPLIST_KEY_NSHumanReadableCopyright = "";
				LD_RUNPATH_SEARCH_PATHS = (
					"$(inherited)",
					"@executable_path/../Frameworks",
				);
				MACOSX_DEPLOYMENT_TARGET = 11.0;
				MARKETING_VERSION = 1.0;
				PRODUCT_BUNDLE_IDENTIFIER = com.anthonyjose.CoreDataBootcamp;
				PRODUCT_NAME = CoreDataBootcamp;
				SDKROOT = macosx;
				SWIFT_EMIT_LOC_STRINGS = YES;
				SWIFT_VERSION = 5.0;
			};
			name = Release;
		};
		86CAA8E3270C747D00182B35 /* Debug */ = {
			isa = XCBuildConfiguration;
			buildSettings = {
				ALWAYS_EMBED_SWIFT_STANDARD_LIBRARIES = YES;
				CODE_SIGN_STYLE = Automatic;
				CURRENT_PROJECT_VERSION = 1;
				DEVELOPMENT_TEAM = 8UF6K7CB33;
				GENERATE_INFOPLIST_FILE = YES;
				IPHONEOS_DEPLOYMENT_TARGET = 15.0;
				LD_RUNPATH_SEARCH_PATHS = (
					"$(inherited)",
					"@executable_path/Frameworks",
					"@loader_path/Frameworks",
				);
				MARKETING_VERSION = 1.0;
				PRODUCT_BUNDLE_IDENTIFIER = "com.anthonyjose.Tests-iOS";
				PRODUCT_NAME = "$(TARGET_NAME)";
				SDKROOT = iphoneos;
				SWIFT_EMIT_LOC_STRINGS = NO;
				SWIFT_VERSION = 5.0;
				TARGETED_DEVICE_FAMILY = "1,2";
				TEST_TARGET_NAME = "CoreDataBootcamp (iOS)";
			};
			name = Debug;
		};
		86CAA8E4270C747D00182B35 /* Release */ = {
			isa = XCBuildConfiguration;
			buildSettings = {
				ALWAYS_EMBED_SWIFT_STANDARD_LIBRARIES = YES;
				CODE_SIGN_STYLE = Automatic;
				CURRENT_PROJECT_VERSION = 1;
				DEVELOPMENT_TEAM = 8UF6K7CB33;
				GENERATE_INFOPLIST_FILE = YES;
				IPHONEOS_DEPLOYMENT_TARGET = 15.0;
				LD_RUNPATH_SEARCH_PATHS = (
					"$(inherited)",
					"@executable_path/Frameworks",
					"@loader_path/Frameworks",
				);
				MARKETING_VERSION = 1.0;
				PRODUCT_BUNDLE_IDENTIFIER = "com.anthonyjose.Tests-iOS";
				PRODUCT_NAME = "$(TARGET_NAME)";
				SDKROOT = iphoneos;
				SWIFT_EMIT_LOC_STRINGS = NO;
				SWIFT_VERSION = 5.0;
				TARGETED_DEVICE_FAMILY = "1,2";
				TEST_TARGET_NAME = "CoreDataBootcamp (iOS)";
				VALIDATE_PRODUCT = YES;
			};
			name = Release;
		};
		86CAA8E6270C747D00182B35 /* Debug */ = {
			isa = XCBuildConfiguration;
			buildSettings = {
				ALWAYS_EMBED_SWIFT_STANDARD_LIBRARIES = YES;
				CODE_SIGN_STYLE = Automatic;
				COMBINE_HIDPI_IMAGES = YES;
				CURRENT_PROJECT_VERSION = 1;
				DEVELOPMENT_TEAM = 8UF6K7CB33;
				GENERATE_INFOPLIST_FILE = YES;
				LD_RUNPATH_SEARCH_PATHS = (
					"$(inherited)",
					"@executable_path/../Frameworks",
					"@loader_path/../Frameworks",
				);
				MACOSX_DEPLOYMENT_TARGET = 11.3;
				MARKETING_VERSION = 1.0;
				PRODUCT_BUNDLE_IDENTIFIER = "com.anthonyjose.Tests-macOS";
				PRODUCT_NAME = "$(TARGET_NAME)";
				SDKROOT = macosx;
				SWIFT_EMIT_LOC_STRINGS = NO;
				SWIFT_VERSION = 5.0;
				TEST_TARGET_NAME = "CoreDataBootcamp (macOS)";
			};
			name = Debug;
		};
		86CAA8E7270C747D00182B35 /* Release */ = {
			isa = XCBuildConfiguration;
			buildSettings = {
				ALWAYS_EMBED_SWIFT_STANDARD_LIBRARIES = YES;
				CODE_SIGN_STYLE = Automatic;
				COMBINE_HIDPI_IMAGES = YES;
				CURRENT_PROJECT_VERSION = 1;
				DEVELOPMENT_TEAM = 8UF6K7CB33;
				GENERATE_INFOPLIST_FILE = YES;
				LD_RUNPATH_SEARCH_PATHS = (
					"$(inherited)",
					"@executable_path/../Frameworks",
					"@loader_path/../Frameworks",
				);
				MACOSX_DEPLOYMENT_TARGET = 11.3;
				MARKETING_VERSION = 1.0;
				PRODUCT_BUNDLE_IDENTIFIER = "com.anthonyjose.Tests-macOS";
				PRODUCT_NAME = "$(TARGET_NAME)";
				SDKROOT = macosx;
				SWIFT_EMIT_LOC_STRINGS = NO;
				SWIFT_VERSION = 5.0;
				TEST_TARGET_NAME = "CoreDataBootcamp (macOS)";
			};
			name = Release;
		};
/* End XCBuildConfiguration section */

/* Begin XCConfigurationList section */
		86CAA8AA270C747900182B35 /* Build configuration list for PBXProject "CoreDataBootcamp" */ = {
			isa = XCConfigurationList;
			buildConfigurations = (
				86CAA8DA270C747D00182B35 /* Debug */,
				86CAA8DB270C747D00182B35 /* Release */,
			);
			defaultConfigurationIsVisible = 0;
			defaultConfigurationName = Release;
		};
		86CAA8DC270C747D00182B35 /* Build configuration list for PBXNativeTarget "CoreDataBootcamp (iOS)" */ = {
			isa = XCConfigurationList;
			buildConfigurations = (
				86CAA8DD270C747D00182B35 /* Debug */,
				86CAA8DE270C747D00182B35 /* Release */,
			);
			defaultConfigurationIsVisible = 0;
			defaultConfigurationName = Release;
		};
		86CAA8DF270C747D00182B35 /* Build configuration list for PBXNativeTarget "CoreDataBootcamp (macOS)" */ = {
			isa = XCConfigurationList;
			buildConfigurations = (
				86CAA8E0270C747D00182B35 /* Debug */,
				86CAA8E1270C747D00182B35 /* Release */,
			);
			defaultConfigurationIsVisible = 0;
			defaultConfigurationName = Release;
		};
		86CAA8E2270C747D00182B35 /* Build configuration list for PBXNativeTarget "Tests iOS" */ = {
			isa = XCConfigurationList;
			buildConfigurations = (
				86CAA8E3270C747D00182B35 /* Debug */,
				86CAA8E4270C747D00182B35 /* Release */,
			);
			defaultConfigurationIsVisible = 0;
			defaultConfigurationName = Release;
		};
		86CAA8E5270C747D00182B35 /* Build configuration list for PBXNativeTarget "Tests macOS" */ = {
			isa = XCConfigurationList;
			buildConfigurations = (
				86CAA8E6270C747D00182B35 /* Debug */,
				86CAA8E7270C747D00182B35 /* Release */,
			);
			defaultConfigurationIsVisible = 0;
			defaultConfigurationName = Release;
		};
/* End XCConfigurationList section */

/* Begin XCVersionGroup section */
		86CAA8EB270C8CA800182B35 /* FruitsContainer.xcdatamodeld */ = {
			isa = XCVersionGroup;
			children = (
				86CAA8EC270C8CA800182B35 /* FruitsContainer.xcdatamodel */,
			);
			currentVersion = 86CAA8EC270C8CA800182B35 /* FruitsContainer.xcdatamodel */;
			path = FruitsContainer.xcdatamodeld;
			sourceTree = "<group>";
			versionGroupType = wrapper.xcdatamodel;
		};
/* End XCVersionGroup section */
	};
	rootObject = 86CAA8A7270C747900182B35 /* Project object */;
}
